
Microsoft Visual Studio Solution File, Format Version 12.00
# Visual Studio Version 17
VisualStudioVersion = 17.0.31912.275
MinimumVisualStudioVersion = 10.0.40219.1
Project("{FAE04EC0-301F-11D3-BF4B-00C04F79EFBC}") = "lab23", "lab23\lab23.csproj", "{95D7ACEC-4654-4AE1-8235-71DC77945C46}"
EndProject
Project("{FAE04EC0-301F-11D3-BF4B-00C04F79EFBC}") = "lab23zadacha", "lab23zadacha\lab23zadacha.csproj", "{F1858786-6870-47F2-AF0C-95598C771E9B}"
EndProject
Global
	GlobalSection(SolutionConfigurationPlatforms) = preSolution
		Debug|Any CPU = Debug|Any CPU
		Release|Any CPU = Release|Any CPU
	EndGlobalSection
	GlobalSection(ProjectConfigurationPlatforms) = postSolution
		{95D7ACEC-4654-4AE1-8235-71DC77945C46}.Debug|Any CPU.ActiveCfg = Debug|Any CPU
		{95D7ACEC-4654-4AE1-8235-71DC77945C46}.Debug|Any CPU.Build.0 = Debug|Any CPU
		{95D7ACEC-4654-4AE1-8235-71DC77945C46}.Release|Any CPU.ActiveCfg = Release|Any CPU
		{95D7ACEC-4654-4AE1-8235-71DC77945C46}.Release|Any CPU.Build.0 = Release|Any CPU
		{F1858786-6870-47F2-AF0C-95598C771E9B}.Debug|Any CPU.ActiveCfg = Debug|Any CPU
		{F1858786-6870-47F2-AF0C-95598C771E9B}.Debug|Any CPU.Build.0 = Debug|Any CPU
		{F1858786-6870-47F2-AF0C-95598C771E9B}.Release|Any CPU.ActiveCfg = Release|Any CPU
		{F1858786-6870-47F2-AF0C-95598C771E9B}.Release|Any CPU.Build.0 = Release|Any CPU
	EndGlobalSection
	GlobalSection(SolutionProperties) = preSolution
		HideSolutionNode = FALSE
	EndGlobalSection
	GlobalSection(ExtensibilityGlobals) = postSolution
		SolutionGuid = {74FBD10F-9FE0-464E-8B3E-E2DD75FFFC72}
	EndGlobalSection
EndGlobal
